// !$*UTF8*$!
{
	archiveVersion = 1;
	classes = {
	};
	objectVersion = 48;
	objects = {

/* Begin PBXBuildFile section */
		54428AEC1FC192610065CC45 /* AppDelegate.swift in Sources */ = {isa = PBXBuildFile; fileRef = 54428AEB1FC192610065CC45 /* AppDelegate.swift */; };
		54428AEE1FC192610065CC45 /* IntroductionViewController.swift in Sources */ = {isa = PBXBuildFile; fileRef = 54428AED1FC192610065CC45 /* IntroductionViewController.swift */; };
		54428AF11FC192610065CC45 /* Main.storyboard in Resources */ = {isa = PBXBuildFile; fileRef = 54428AEF1FC192610065CC45 /* Main.storyboard */; };
		54428AF31FC192620065CC45 /* Assets.xcassets in Resources */ = {isa = PBXBuildFile; fileRef = 54428AF21FC192620065CC45 /* Assets.xcassets */; };
		54428AF61FC192620065CC45 /* LaunchScreen.storyboard in Resources */ = {isa = PBXBuildFile; fileRef = 54428AF41FC192620065CC45 /* LaunchScreen.storyboard */; };
		54428B011FC192620065CC45 /* quizTests.swift in Sources */ = {isa = PBXBuildFile; fileRef = 54428B001FC192620065CC45 /* quizTests.swift */; };
		54428B0C1FC192620065CC45 /* quizUITests.swift in Sources */ = {isa = PBXBuildFile; fileRef = 54428B0B1FC192620065CC45 /* quizUITests.swift */; };
		54428B1A1FC199800065CC45 /* QuestionViewController.swift in Sources */ = {isa = PBXBuildFile; fileRef = 54428B191FC199800065CC45 /* QuestionViewController.swift */; };
		54428B1C1FC1999D0065CC45 /* ResultsViewController.swift in Sources */ = {isa = PBXBuildFile; fileRef = 54428B1B1FC1999D0065CC45 /* ResultsViewController.swift */; };
		54428B1E1FC1A3910065CC45 /* QuestionData.swift in Sources */ = {isa = PBXBuildFile; fileRef = 54428B1D1FC1A3910065CC45 /* QuestionData.swift */; };
/* End PBXBuildFile section */

/* Begin PBXContainerItemProxy section */
		54428AFD1FC192620065CC45 /* PBXContainerItemProxy */ = {
			isa = PBXContainerItemProxy;
			containerPortal = 54428AE01FC192610065CC45 /* Project object */;
			proxyType = 1;
			remoteGlobalIDString = 54428AE71FC192610065CC45;
			remoteInfo = quiz;
		};
		54428B081FC192620065CC45 /* PBXContainerItemProxy */ = {
			isa = PBXContainerItemProxy;
			containerPortal = 54428AE01FC192610065CC45 /* Project object */;
			proxyType = 1;
			remoteGlobalIDString = 54428AE71FC192610065CC45;
			remoteInfo = quiz;
		};
/* End PBXContainerItemProxy section */

/* Begin PBXFileReference section */
		54428AE81FC192610065CC45 /* quiz.app */ = {isa = PBXFileReference; explicitFileType = wrapper.application; includeInIndex = 0; path = quiz.app; sourceTree = BUILT_PRODUCTS_DIR; };
		54428AEB1FC192610065CC45 /* AppDelegate.swift */ = {isa = PBXFileReference; lastKnownFileType = sourcecode.swift; path = AppDelegate.swift; sourceTree = "<group>"; };
		54428AED1FC192610065CC45 /* IntroductionViewController.swift */ = {isa = PBXFileReference; lastKnownFileType = sourcecode.swift; path = IntroductionViewController.swift; sourceTree = "<group>"; };
		54428AF01FC192610065CC45 /* Base */ = {isa = PBXFileReference; lastKnownFileType = file.storyboard; name = Base; path = Base.lproj/Main.storyboard; sourceTree = "<group>"; };
		54428AF21FC192620065CC45 /* Assets.xcassets */ = {isa = PBXFileReference; lastKnownFileType = folder.assetcatalog; path = Assets.xcassets; sourceTree = "<group>"; };
		54428AF51FC192620065CC45 /* Base */ = {isa = PBXFileReference; lastKnownFileType = file.storyboard; name = Base; path = Base.lproj/LaunchScreen.storyboard; sourceTree = "<group>"; };
		54428AF71FC192620065CC45 /* Info.plist */ = {isa = PBXFileReference; lastKnownFileType = text.plist.xml; path = Info.plist; sourceTree = "<group>"; };
		54428AFC1FC192620065CC45 /* quizTests.xctest */ = {isa = PBXFileReference; explicitFileType = wrapper.cfbundle; includeInIndex = 0; path = quizTests.xctest; sourceTree = BUILT_PRODUCTS_DIR; };
		54428B001FC192620065CC45 /* quizTests.swift */ = {isa = PBXFileReference; lastKnownFileType = sourcecode.swift; path = quizTests.swift; sourceTree = "<group>"; };
		54428B021FC192620065CC45 /* Info.plist */ = {isa = PBXFileReference; lastKnownFileType = text.plist.xml; path = Info.plist; sourceTree = "<group>"; };
		54428B071FC192620065CC45 /* quizUITests.xctest */ = {isa = PBXFileReference; explicitFileType = wrapper.cfbundle; includeInIndex = 0; path = quizUITests.xctest; sourceTree = BUILT_PRODUCTS_DIR; };
		54428B0B1FC192620065CC45 /* quizUITests.swift */ = {isa = PBXFileReference; lastKnownFileType = sourcecode.swift; path = quizUITests.swift; sourceTree = "<group>"; };
		54428B0D1FC192620065CC45 /* Info.plist */ = {isa = PBXFileReference; lastKnownFileType = text.plist.xml; path = Info.plist; sourceTree = "<group>"; };
		54428B191FC199800065CC45 /* QuestionViewController.swift */ = {isa = PBXFileReference; lastKnownFileType = sourcecode.swift; path = QuestionViewController.swift; sourceTree = "<group>"; };
		54428B1B1FC1999D0065CC45 /* ResultsViewController.swift */ = {isa = PBXFileReference; lastKnownFileType = sourcecode.swift; path = ResultsViewController.swift; sourceTree = "<group>"; };
		54428B1D1FC1A3910065CC45 /* QuestionData.swift */ = {isa = PBXFileReference; lastKnownFileType = sourcecode.swift; path = QuestionData.swift; sourceTree = "<group>"; };
/* End PBXFileReference section */

/* Begin PBXFrameworksBuildPhase section */
		54428AE51FC192610065CC45 /* Frameworks */ = {
			isa = PBXFrameworksBuildPhase;
			buildActionMask = 2147483647;
			files = (
			);
			runOnlyForDeploymentPostprocessing = 0;
		};
		54428AF91FC192620065CC45 /* Frameworks */ = {
			isa = PBXFrameworksBuildPhase;
			buildActionMask = 2147483647;
			files = (
			);
			runOnlyForDeploymentPostprocessing = 0;
		};
		54428B041FC192620065CC45 /* Frameworks */ = {
			isa = PBXFrameworksBuildPhase;
			buildActionMask = 2147483647;
			files = (
			);
			runOnlyForDeploymentPostprocessing = 0;
		};
/* End PBXFrameworksBuildPhase section */

/* Begin PBXGroup section */
		54428ADF1FC192610065CC45 = {
			isa = PBXGroup;
			children = (
				54428AEA1FC192610065CC45 /* quiz */,
				54428AFF1FC192620065CC45 /* quizTests */,
				54428B0A1FC192620065CC45 /* quizUITests */,
				54428AE91FC192610065CC45 /* Products */,
			);
			sourceTree = "<group>";
		};
		54428AE91FC192610065CC45 /* Products */ = {
			isa = PBXGroup;
			children = (
				54428AE81FC192610065CC45 /* quiz.app */,
				54428AFC1FC192620065CC45 /* quizTests.xctest */,
				54428B071FC192620065CC45 /* quizUITests.xctest */,
			);
			name = Products;
			sourceTree = "<group>";
		};
		54428AEA1FC192610065CC45 /* quiz */ = {
			isa = PBXGroup;
			children = (
				54428AEB1FC192610065CC45 /* AppDelegate.swift */,
				54428AED1FC192610065CC45 /* IntroductionViewController.swift */,
				54428AEF1FC192610065CC45 /* Main.storyboard */,
				54428B1D1FC1A3910065CC45 /* QuestionData.swift */,
				54428AF21FC192620065CC45 /* Assets.xcassets */,
				54428AF41FC192620065CC45 /* LaunchScreen.storyboard */,
				54428AF71FC192620065CC45 /* Info.plist */,
				54428B191FC199800065CC45 /* QuestionViewController.swift */,
				54428B1B1FC1999D0065CC45 /* ResultsViewController.swift */,
			);
			path = quiz;
			sourceTree = "<group>";
		};
		54428AFF1FC192620065CC45 /* quizTests */ = {
			isa = PBXGroup;
			children = (
				54428B001FC192620065CC45 /* quizTests.swift */,
				54428B021FC192620065CC45 /* Info.plist */,
			);
			path = quizTests;
			sourceTree = "<group>";
		};
		54428B0A1FC192620065CC45 /* quizUITests */ = {
			isa = PBXGroup;
			children = (
				54428B0B1FC192620065CC45 /* quizUITests.swift */,
				54428B0D1FC192620065CC45 /* Info.plist */,
			);
			path = quizUITests;
			sourceTree = "<group>";
		};
/* End PBXGroup section */

/* Begin PBXNativeTarget section */
		54428AE71FC192610065CC45 /* quiz */ = {
			isa = PBXNativeTarget;
			buildConfigurationList = 54428B101FC192620065CC45 /* Build configuration list for PBXNativeTarget "quiz" */;
			buildPhases = (
				54428AE41FC192610065CC45 /* Sources */,
				54428AE51FC192610065CC45 /* Frameworks */,
				54428AE61FC192610065CC45 /* Resources */,
			);
			buildRules = (
			);
			dependencies = (
			);
			name = quiz;
			productName = quiz;
			productReference = 54428AE81FC192610065CC45 /* quiz.app */;
			productType = "com.apple.product-type.application";
		};
		54428AFB1FC192620065CC45 /* quizTests */ = {
			isa = PBXNativeTarget;
			buildConfigurationList = 54428B131FC192620065CC45 /* Build configuration list for PBXNativeTarget "quizTests" */;
			buildPhases = (
				54428AF81FC192620065CC45 /* Sources */,
				54428AF91FC192620065CC45 /* Frameworks */,
				54428AFA1FC192620065CC45 /* Resources */,
			);
			buildRules = (
			);
			dependencies = (
				54428AFE1FC192620065CC45 /* PBXTargetDependency */,
			);
			name = quizTests;
			productName = quizTests;
			productReference = 54428AFC1FC192620065CC45 /* quizTests.xctest */;
			productType = "com.apple.product-type.bundle.unit-test";
		};
		54428B061FC192620065CC45 /* quizUITests */ = {
			isa = PBXNativeTarget;
			buildConfigurationList = 54428B161FC192620065CC45 /* Build configuration list for PBXNativeTarget "quizUITests" */;
			buildPhases = (
				54428B031FC192620065CC45 /* Sources */,
				54428B041FC192620065CC45 /* Frameworks */,
				54428B051FC192620065CC45 /* Resources */,
			);
			buildRules = (
			);
			dependencies = (
				54428B091FC192620065CC45 /* PBXTargetDependency */,
			);
			name = quizUITests;
			productName = quizUITests;
			productReference = 54428B071FC192620065CC45 /* quizUITests.xctest */;
			productType = "com.apple.product-type.bundle.ui-testing";
		};
/* End PBXNativeTarget section */

/* Begin PBXProject section */
		54428AE01FC192610065CC45 /* Project object */ = {
			isa = PBXProject;
			attributes = {
				LastSwiftUpdateCheck = 0910;
				LastUpgradeCheck = 0910;
				ORGANIZATIONNAME = "Eloy Testerink";
				TargetAttributes = {
					54428AE71FC192610065CC45 = {
						CreatedOnToolsVersion = 9.1;
						ProvisioningStyle = Automatic;
					};
					54428AFB1FC192620065CC45 = {
						CreatedOnToolsVersion = 9.1;
						ProvisioningStyle = Automatic;
						TestTargetID = 54428AE71FC192610065CC45;
					};
					54428B061FC192620065CC45 = {
						CreatedOnToolsVersion = 9.1;
						ProvisioningStyle = Automatic;
						TestTargetID = 54428AE71FC192610065CC45;
					};
				};
			};
			buildConfigurationList = 54428AE31FC192610065CC45 /* Build configuration list for PBXProject "quiz" */;
			compatibilityVersion = "Xcode 8.0";
			developmentRegion = en;
			hasScannedForEncodings = 0;
			knownRegions = (
				en,
				Base,
			);
			mainGroup = 54428ADF1FC192610065CC45;
			productRefGroup = 54428AE91FC192610065CC45 /* Products */;
			projectDirPath = "";
			projectRoot = "";
			targets = (
				54428AE71FC192610065CC45 /* quiz */,
				54428AFB1FC192620065CC45 /* quizTests */,
				54428B061FC192620065CC45 /* quizUITests */,
			);
		};
/* End PBXProject section */

/* Begin PBXResourcesBuildPhase section */
		54428AE61FC192610065CC45 /* Resources */ = {
			isa = PBXResourcesBuildPhase;
			buildActionMask = 2147483647;
			files = (
				54428AF61FC192620065CC45 /* LaunchScreen.storyboard in Resources */,
				54428AF31FC192620065CC45 /* Assets.xcassets in Resources */,
				54428AF11FC192610065CC45 /* Main.storyboard in Resources */,
			);
			runOnlyForDeploymentPostprocessing = 0;
		};
		54428AFA1FC192620065CC45 /* Resources */ = {
			isa = PBXResourcesBuildPhase;
			buildActionMask = 2147483647;
			files = (
			);
			runOnlyForDeploymentPostprocessing = 0;
		};
		54428B051FC192620065CC45 /* Resources */ = {
			isa = PBXResourcesBuildPhase;
			buildActionMask = 2147483647;
			files = (
			);
			runOnlyForDeploymentPostprocessing = 0;
		};
/* End PBXResourcesBuildPhase section */

/* Begin PBXSourcesBuildPhase section */
		54428AE41FC192610065CC45 /* Sources */ = {
			isa = PBXSourcesBuildPhase;
			buildActionMask = 2147483647;
			files = (
				54428AEE1FC192610065CC45 /* IntroductionViewController.swift in Sources */,
				54428AEC1FC192610065CC45 /* AppDelegate.swift in Sources */,
				54428B1E1FC1A3910065CC45 /* QuestionData.swift in Sources */,
				54428B1A1FC199800065CC45 /* QuestionViewController.swift in Sources */,
				54428B1C1FC1999D0065CC45 /* ResultsViewController.swift in Sources */,
			);
			runOnlyForDeploymentPostprocessing = 0;
		};
		54428AF81FC192620065CC45 /* Sources */ = {
			isa = PBXSourcesBuildPhase;
			buildActionMask = 2147483647;
			files = (
				54428B011FC192620065CC45 /* quizTests.swift in Sources */,
			);
			runOnlyForDeploymentPostprocessing = 0;
		};
		54428B031FC192620065CC45 /* Sources */ = {
			isa = PBXSourcesBuildPhase;
			buildActionMask = 2147483647;
			files = (
				54428B0C1FC192620065CC45 /* quizUITests.swift in Sources */,
			);
			runOnlyForDeploymentPostprocessing = 0;
		};
/* End PBXSourcesBuildPhase section */

/* Begin PBXTargetDependency section */
		54428AFE1FC192620065CC45 /* PBXTargetDependency */ = {
			isa = PBXTargetDependency;
			target = 54428AE71FC192610065CC45 /* quiz */;
			targetProxy = 54428AFD1FC192620065CC45 /* PBXContainerItemProxy */;
		};
		54428B091FC192620065CC45 /* PBXTargetDependency */ = {
			isa = PBXTargetDependency;
			target = 54428AE71FC192610065CC45 /* quiz */;
			targetProxy = 54428B081FC192620065CC45 /* PBXContainerItemProxy */;
		};
/* End PBXTargetDependency section */

/* Begin PBXVariantGroup section */
		54428AEF1FC192610065CC45 /* Main.storyboard */ = {
			isa = PBXVariantGroup;
			children = (
				54428AF01FC192610065CC45 /* Base */,
			);
			name = Main.storyboard;
			sourceTree = "<group>";
		};
		54428AF41FC192620065CC45 /* LaunchScreen.storyboard */ = {
			isa = PBXVariantGroup;
			children = (
				54428AF51FC192620065CC45 /* Base */,
			);
			name = LaunchScreen.storyboard;
			sourceTree = "<group>";
		};
/* End PBXVariantGroup section */

/* Begin XCBuildConfiguration section */
		54428B0E1FC192620065CC45 /* Debug */ = {
			isa = XCBuildConfiguration;
			buildSettings = {
				ALWAYS_SEARCH_USER_PATHS = NO;
				CLANG_ANALYZER_NONNULL = YES;
				CLANG_ANALYZER_NUMBER_OBJECT_CONVERSION = YES_AGGRESSIVE;
				CLANG_CXX_LANGUAGE_STANDARD = "gnu++14";
				CLANG_CXX_LIBRARY = "libc++";
				CLANG_ENABLE_MODULES = YES;
				CLANG_ENABLE_OBJC_ARC = YES;
				CLANG_WARN_BLOCK_CAPTURE_AUTORELEASING = YES;
				CLANG_WARN_BOOL_CONVERSION = YES;
				CLANG_WARN_COMMA = YES;
				CLANG_WARN_CONSTANT_CONVERSION = YES;
				CLANG_WARN_DIRECT_OBJC_ISA_USAGE = YES_ERROR;
				CLANG_WARN_DOCUMENTATION_COMMENTS = YES;
				CLANG_WARN_EMPTY_BODY = YES;
				CLANG_WARN_ENUM_CONVERSION = YES;
				CLANG_WARN_INFINITE_RECURSION = YES;
				CLANG_WARN_INT_CONVERSION = YES;
				CLANG_WARN_NON_LITERAL_NULL_CONVERSION = YES;
				CLANG_WARN_OBJC_LITERAL_CONVERSION = YES;
				CLANG_WARN_OBJC_ROOT_CLASS = YES_ERROR;
				CLANG_WARN_RANGE_LOOP_ANALYSIS = YES;
				CLANG_WARN_STRICT_PROTOTYPES = YES;
				CLANG_WARN_SUSPICIOUS_MOVE = YES;
				CLANG_WARN_UNGUARDED_AVAILABILITY = YES_AGGRESSIVE;
				CLANG_WARN_UNREACHABLE_CODE = YES;
				CLANG_WARN__DUPLICATE_METHOD_MATCH = YES;
				CODE_SIGN_IDENTITY = "iPhone Developer";
				COPY_PHASE_STRIP = NO;
				DEBUG_INFORMATION_FORMAT = dwarf;
				ENABLE_STRICT_OBJC_MSGSEND = YES;
				ENABLE_TESTABILITY = YES;
				GCC_C_LANGUAGE_STANDARD = gnu11;
				GCC_DYNAMIC_NO_PIC = NO;
				GCC_NO_COMMON_BLOCKS = YES;
				GCC_OPTIMIZATION_LEVEL = 0;
				GCC_PREPROCESSOR_DEFINITIONS = (
					"DEBUG=1",
					"$(inherited)",
				);
				GCC_WARN_64_TO_32_BIT_CONVERSION = YES;
				GCC_WARN_ABOUT_RETURN_TYPE = YES_ERROR;
				GCC_WARN_UNDECLARED_SELECTOR = YES;
				GCC_WARN_UNINITIALIZED_AUTOS = YES_AGGRESSIVE;
				GCC_WARN_UNUSED_FUNCTION = YES;
				GCC_WARN_UNUSED_VARIABLE = YES;
				IPHONEOS_DEPLOYMENT_TARGET = 11.1;
				MTL_ENABLE_DEBUG_INFO = YES;
				ONLY_ACTIVE_ARCH = YES;
				SDKROOT = iphoneos;
				SWIFT_ACTIVE_COMPILATION_CONDITIONS = DEBUG;
				SWIFT_OPTIMIZATION_LEVEL = "-Onone";
			};
			name = Debug;
		};
		54428B0F1FC192620065CC45 /* Release */ = {
			isa = XCBuildConfiguration;
			buildSettings = {
				ALWAYS_SEARCH_USER_PATHS = NO;
				CLANG_ANALYZER_NONNULL = YES;
				CLANG_ANALYZER_NUMBER_OBJECT_CONVERSION = YES_AGGRESSIVE;
				CLANG_CXX_LANGUAGE_STANDARD = "gnu++14";
				CLANG_CXX_LIBRARY = "libc++";
				CLANG_ENABLE_MODULES = YES;
				CLANG_ENABLE_OBJC_ARC = YES;
				CLANG_WARN_BLOCK_CAPTURE_AUTORELEASING = YES;
				CLANG_WARN_BOOL_CONVERSION = YES;
				CLANG_WARN_COMMA = YES;
				CLANG_WARN_CONSTANT_CONVERSION = YES;
				CLANG_WARN_DIRECT_OBJC_ISA_USAGE = YES_ERROR;
				CLANG_WARN_DOCUMENTATION_COMMENTS = YES;
				CLANG_WARN_EMPTY_BODY = YES;
				CLANG_WARN_ENUM_CONVERSION = YES;
				CLANG_WARN_INFINITE_RECURSION = YES;
				CLANG_WARN_INT_CONVERSION = YES;
				CLANG_WARN_NON_LITERAL_NULL_CONVERSION = YES;
				CLANG_WARN_OBJC_LITERAL_CONVERSION = YES;
				CLANG_WARN_OBJC_ROOT_CLASS = YES_ERROR;
				CLANG_WARN_RANGE_LOOP_ANALYSIS = YES;
				CLANG_WARN_STRICT_PROTOTYPES = YES;
				CLANG_WARN_SUSPICIOUS_MOVE = YES;
				CLANG_WARN_UNGUARDED_AVAILABILITY = YES_AGGRESSIVE;
				CLANG_WARN_UNREACHABLE_CODE = YES;
				CLANG_WARN__DUPLICATE_METHOD_MATCH = YES;
				CODE_SIGN_IDENTITY = "iPhone Developer";
				COPY_PHASE_STRIP = NO;
				DEBUG_INFORMATION_FORMAT = "dwarf-with-dsym";
				ENABLE_NS_ASSERTIONS = NO;
				ENABLE_STRICT_OBJC_MSGSEND = YES;
				GCC_C_LANGUAGE_STANDARD = gnu11;
				GCC_NO_COMMON_BLOCKS = YES;
				GCC_WARN_64_TO_32_BIT_CONVERSION = YES;
				GCC_WARN_ABOUT_RETURN_TYPE = YES_ERROR;
				GCC_WARN_UNDECLARED_SELECTOR = YES;
				GCC_WARN_UNINITIALIZED_AUTOS = YES_AGGRESSIVE;
				GCC_WARN_UNUSED_FUNCTION = YES;
				GCC_WARN_UNUSED_VARIABLE = YES;
				IPHONEOS_DEPLOYMENT_TARGET = 11.1;
				MTL_ENABLE_DEBUG_INFO = NO;
				SDKROOT = iphoneos;
				SWIFT_OPTIMIZATION_LEVEL = "-Owholemodule";
				VALIDATE_PRODUCT = YES;
			};
			name = Release;
		};
		54428B111FC192620065CC45 /* Debug */ = {
			isa = XCBuildConfiguration;
			buildSettings = {
				ASSETCATALOG_COMPILER_APPICON_NAME = AppIcon;
				CODE_SIGN_STYLE = Automatic;
				DEVELOPMENT_TEAM = HFF69D7V9P;
				INFOPLIST_FILE = quiz/Info.plist;
				LD_RUNPATH_SEARCH_PATHS = "$(inherited) @executable_path/Frameworks";
				PRODUCT_BUNDLE_IDENTIFIER = ET.quiz;
				PRODUCT_NAME = "$(TARGET_NAME)";
				SWIFT_VERSION = 4.0;
				TARGETED_DEVICE_FAMILY = "1,2";
			};
			name = Debug;
		};
		54428B121FC192620065CC45 /* Release */ = {
			isa = XCBuildConfiguration;
			buildSettings = {
				ASSETCATALOG_COMPILER_APPICON_NAME = AppIcon;
				CODE_SIGN_STYLE = Automatic;
				DEVELOPMENT_TEAM = HFF69D7V9P;
				INFOPLIST_FILE = quiz/Info.plist;
				LD_RUNPATH_SEARCH_PATHS = "$(inherited) @executable_path/Frameworks";
				PRODUCT_BUNDLE_IDENTIFIER = ET.quiz;
				PRODUCT_NAME = "$(TARGET_NAME)";
				SWIFT_VERSION = 4.0;
				TARGETED_DEVICE_FAMILY = "1,2";
			};
			name = Release;
		};
		54428B141FC192620065CC45 /* Debug */ = {
			isa = XCBuildConfiguration;
			buildSettings = {
				ALWAYS_EMBED_SWIFT_STANDARD_LIBRARIES = YES;
				BUNDLE_LOADER = "$(TEST_HOST)";
				CODE_SIGN_STYLE = Automatic;
				DEVELOPMENT_TEAM = HFF69D7V9P;
				INFOPLIST_FILE = quizTests/Info.plist;
				LD_RUNPATH_SEARCH_PATHS = "$(inherited) @executable_path/Frameworks @loader_path/Frameworks";
				PRODUCT_BUNDLE_IDENTIFIER = ET.quizTests;
				PRODUCT_NAME = "$(TARGET_NAME)";
				SWIFT_VERSION = 4.0;
				TARGETED_DEVICE_FAMILY = "1,2";
				TEST_HOST = "$(BUILT_PRODUCTS_DIR)/quiz.app/quiz";
			};
			name = Debug;
		};
		54428B151FC192620065CC45 /* Release */ = {
			isa = XCBuildConfiguration;
			buildSettings = {
				ALWAYS_EMBED_SWIFT_STANDARD_LIBRARIES = YES;
				BUNDLE_LOADER = "$(TEST_HOST)";
				CODE_SIGN_STYLE = Automatic;
				DEVELOPMENT_TEAM = HFF69D7V9P;
				INFOPLIST_FILE = quizTests/Info.plist;
				LD_RUNPATH_SEARCH_PATHS = "$(inherited) @executable_path/Frameworks @loader_path/Frameworks";
				PRODUCT_BUNDLE_IDENTIFIER = ET.quizTests;
				PRODUCT_NAME = "$(TARGET_NAME)";
				SWIFT_VERSION = 4.0;
				TARGETED_DEVICE_FAMILY = "1,2";
				TEST_HOST = "$(BUILT_PRODUCTS_DIR)/quiz.app/quiz";
			};
			name = Release;
		};
		54428B171FC192620065CC45 /* Debug */ = {
			isa = XCBuildConfiguration;
			buildSettings = {
				ALWAYS_EMBED_SWIFT_STANDARD_LIBRARIES = YES;
				CODE_SIGN_STYLE = Automatic;
				DEVELOPMENT_TEAM = HFF69D7V9P;
				INFOPLIST_FILE = quizUITests/Info.plist;
				LD_RUNPATH_SEARCH_PATHS = "$(inherited) @executable_path/Frameworks @loader_path/Frameworks";
				PRODUCT_BUNDLE_IDENTIFIER = ET.quizUITests;
				PRODUCT_NAME = "$(TARGET_NAME)";
				SWIFT_VERSION = 4.0;
				TARGETED_DEVICE_FAMILY = "1,2";
				TEST_TARGET_NAME = quiz;
			};
			name = Debug;
		};
		54428B181FC192620065CC45 /* Release */ = {
			isa = XCBuildConfiguration;
			buildSettings = {
				ALWAYS_EMBED_SWIFT_STANDARD_LIBRARIES = YES;
				CODE_SIGN_STYLE = Automatic;
				DEVELOPMENT_TEAM = HFF69D7V9P;
				INFOPLIST_FILE = quizUITests/Info.plist;
				LD_RUNPATH_SEARCH_PATHS = "$(inherited) @executable_path/Frameworks @loader_path/Frameworks";
				PRODUCT_BUNDLE_IDENTIFIER = ET.quizUITests;
				PRODUCT_NAME = "$(TARGET_NAME)";
				SWIFT_VERSION = 4.0;
				TARGETED_DEVICE_FAMILY = "1,2";
				TEST_TARGET_NAME = quiz;
			};
			name = Release;
		};
/* End XCBuildConfiguration section */

/* Begin XCConfigurationList section */
		54428AE31FC192610065CC45 /* Build configuration list for PBXProject "quiz" */ = {
			isa = XCConfigurationList;
			buildConfigurations = (
				54428B0E1FC192620065CC45 /* Debug */,
				54428B0F1FC192620065CC45 /* Release */,
			);
			defaultConfigurationIsVisible = 0;
			defaultConfigurationName = Release;
		};
		54428B101FC192620065CC45 /* Build configuration list for PBXNativeTarget "quiz" */ = {
			isa = XCConfigurationList;
			buildConfigurations = (
				54428B111FC192620065CC45 /* Debug */,
				54428B121FC192620065CC45 /* Release */,
			);
			defaultConfigurationIsVisible = 0;
			defaultConfigurationName = Release;
		};
		54428B131FC192620065CC45 /* Build configuration list for PBXNativeTarget "quizTests" */ = {
			isa = XCConfigurationList;
			buildConfigurations = (
				54428B141FC192620065CC45 /* Debug */,
				54428B151FC192620065CC45 /* Release */,
			);
			defaultConfigurationIsVisible = 0;
			defaultConfigurationName = Release;
		};
		54428B161FC192620065CC45 /* Build configuration list for PBXNativeTarget "quizUITests" */ = {
			isa = XCConfigurationList;
			buildConfigurations = (
				54428B171FC192620065CC45 /* Debug */,
				54428B181FC192620065CC45 /* Release */,
			);
			defaultConfigurationIsVisible = 0;
			defaultConfigurationName = Release;
		};
/* End XCConfigurationList section */
	};
	rootObject = 54428AE01FC192610065CC45 /* Project object */;
}
